{
  "name": "@teatro13/typist",
  "version": "1.0.0",
  "lockfileVersion": 1,
  "requires": true,
  "dependencies": {
    "@teatro13/cursor": {
      "version": "file:../cursor"
    },
    "@teatro13/scenarist": {
      "version": "file:../scenarist"
    },
    "@teatro13/teatro": {
      "version": "2.0.1",
      "resolved": "https://registry.npmjs.org/@teatro13/teatro/-/teatro-2.0.1.tgz",
      "integrity": "sha512-HjGJXyBU0EStXhaV/Qgxbktsiu9rjyoYrmrmZvaHUb9YBhoGWz4qBGpaQN3j4fblGLPiE/e1/TZMTbBhd6JoCg==",
      "requires": {
        "ws": "^7.2.1"
      }
    },
    "ws": {
      "version": "7.3.0",
      "resolved": "https://registry.npmjs.org/ws/-/ws-7.3.0.tgz",
      "integrity": "sha512-iFtXzngZVXPGgpTlP1rBqsUK82p9tKqsWRPg5L56egiljujJT3vGAYnHANvFxBieXrTFavhzhxW52jnaWV+w2w=="
    }
  }
}
