{
  "name": "typist",
  "lockfileVersion": 2,
  "requires": true,
  "packages": {
    "": {
      "dependencies": {
        "@faddymichel/scenarist": "file:../scenarist"
      }
    },
    "../scenarist": {
      "version": "1.0.0",
      "license": "MIT"
    },
    "node_modules/@faddymichel/scenarist": {
      "resolved": "../scenarist",
      "link": true
    }
  },
  "dependencies": {
    "@faddymichel/scenarist": {
      "version": "file:../scenarist"
    }
  }
}
