{
  "name": "typist",
  "version": "1.0.0",
  "lockfileVersion": 2,
  "requires": true,
  "packages": {
    "": {
      "name": "typist",
      "version": "1.0.0",
      "license": "MIT",
      "dependencies": {
        "@faddymichel/language": "^1.0.1"
      }
    },
    "node_modules/@faddymichel/language": {
      "version": "1.0.1",
      "resolved": "https://registry.npmjs.org/@faddymichel/language/-/language-1.0.1.tgz",
      "integrity": "sha512-26fxkqsX213ThAoSckuZBQrc7CilIX9L02uUawdiYFEv/OLNIcB6jkqKMlZWdNfCEbUP7f/j0rp7dj8BflS/qQ==",
      "dependencies": {
        "@faddymichel/scenarist": "^1.0.0"
      }
    },
    "node_modules/@faddymichel/scenarist": {
      "version": "1.0.0",
      "resolved": "https://registry.npmjs.org/@faddymichel/scenarist/-/scenarist-1.0.0.tgz",
      "integrity": "sha512-zJRx/o8DCDoB/eRv/uUP14wyVeu5pvON3/tRU1pm/M83jvIkCSjPiGOpMs4BLNwci872DslQKJYUCVqoFR399A=="
    }
  },
  "dependencies": {
    "@faddymichel/language": {
      "version": "1.0.1",
      "resolved": "https://registry.npmjs.org/@faddymichel/language/-/language-1.0.1.tgz",
      "integrity": "sha512-26fxkqsX213ThAoSckuZBQrc7CilIX9L02uUawdiYFEv/OLNIcB6jkqKMlZWdNfCEbUP7f/j0rp7dj8BflS/qQ==",
      "requires": {
        "@faddymichel/scenarist": "^1.0.0"
      }
    },
    "@faddymichel/scenarist": {
      "version": "1.0.0",
      "resolved": "https://registry.npmjs.org/@faddymichel/scenarist/-/scenarist-1.0.0.tgz",
      "integrity": "sha512-zJRx/o8DCDoB/eRv/uUP14wyVeu5pvON3/tRU1pm/M83jvIkCSjPiGOpMs4BLNwci872DslQKJYUCVqoFR399A=="
    }
  }
}
